
Microsoft Visual Studio Solution File, Format Version 12.00
# Visual Studio Version 16
VisualStudioVersion = 16.0.29609.76
MinimumVisualStudioVersion = 10.0.40219.1
Project("{FAE04EC0-301F-11D3-BF4B-00C04F79EFBC}") = "WindowsGSM-Updater", "WindowsGSM-Updater\WindowsGSM-Updater.csproj", "{2D539FC1-C23C-4FC1-90C3-1C487A657615}"
EndProject
Global
	GlobalSection(SolutionConfigurationPlatforms) = preSolution
		Debug|Any CPU = Debug|Any CPU
		Release|Any CPU = Release|Any CPU
	EndGlobalSection
	GlobalSection(ProjectConfigurationPlatforms) = postSolution
		{2D539FC1-C23C-4FC1-90C3-1C487A657615}.Debug|Any CPU.ActiveCfg = Debug|Any CPU
		{2D539FC1-C23C-4FC1-90C3-1C487A657615}.Debug|Any CPU.Build.0 = Debug|Any CPU
		{2D539FC1-C23C-4FC1-90C3-1C487A657615}.Release|Any CPU.ActiveCfg = Release|Any CPU
		{2D539FC1-C23C-4FC1-90C3-1C487A657615}.Release|Any CPU.Build.0 = Release|Any CPU
	EndGlobalSection
	GlobalSection(SolutionProperties) = preSolution
		HideSolutionNode = FALSE
	EndGlobalSection
	GlobalSection(ExtensibilityGlobals) = postSolution
		SolutionGuid = {AAC11572-8F6E-41B2-9C74-47D25231BD0D}
	EndGlobalSection
EndGlobal
